PODS:
  - KYBannerView (0.1.1)
  - SDWebImage (4.4.6):
    - SDWebImage/Core (= 4.4.6)
  - SDWebImage/Core (4.4.6)

DEPENDENCIES:
  - KYBannerView (from `../`)
  - SDWebImage

SPEC REPOS:
  https://github.com/CocoaPods/Specs.git:
    - SDWebImage

EXTERNAL SOURCES:
  KYBannerView:
    :path: "../"

SPEC CHECKSUMS:
  KYBannerView: 3cc06d83963c40919542591632c420decceab482
  SDWebImage: 3f3f0c02f09798048c47a5ed0a13f17b063572d8

PODFILE CHECKSUM: 2347a3764bd8352e3107977427a11edcda0aa6e7

COCOAPODS: 1.9.1
